lockfileVersion: '9.0'

settings:
  autoInstallPeers: true
  excludeLinksFromLockfile: false

importers:

  .:
    dependencies:
      pnpm:
        specifier: ^9.12.2
        version: 9.12.2

packages:

  pnpm@9.12.2:
    resolution: {integrity: sha512-InIbOhH4FmGuHsaM4ae4eUJaHKW5kcl1sHSsIgsYfOVscI/l22n0yWLJiUUu7nbIKHf07oD0dM69Ye4TRhtiKA==}
    engines: {node: '>=18.12'}
    hasBin: true

snapshots:

  pnpm@9.12.2: {}
